
Microsoft Visual Studio Solution File, Format Version 12.00
# Visual Studio Version 16
VisualStudioVersion = 16.0.30804.86
MinimumVisualStudioVersion = 10.0.40219.1
Project("{FAE04EC0-301F-11D3-BF4B-00C04F79EFBC}") = "Exerc_SalarioFuncionario", "Exerc_SalarioFuncionario\Exerc_SalarioFuncionario.csproj", "{444CD231-5472-4546-921F-EFD60A93345E}"
EndProject
Global
	GlobalSection(SolutionConfigurationPlatforms) = preSolution
		Debug|Any CPU = Debug|Any CPU
		Release|Any CPU = Release|Any CPU
	EndGlobalSection
	GlobalSection(ProjectConfigurationPlatforms) = postSolution
		{444CD231-5472-4546-921F-EFD60A93345E}.Debug|Any CPU.ActiveCfg = Debug|Any CPU
		{444CD231-5472-4546-921F-EFD60A93345E}.Debug|Any CPU.Build.0 = Debug|Any CPU
		{444CD231-5472-4546-921F-EFD60A93345E}.Release|Any CPU.ActiveCfg = Release|Any CPU
		{444CD231-5472-4546-921F-EFD60A93345E}.Release|Any CPU.Build.0 = Release|Any CPU
	EndGlobalSection
	GlobalSection(SolutionProperties) = preSolution
		HideSolutionNode = FALSE
	EndGlobalSection
	GlobalSection(ExtensibilityGlobals) = postSolution
		SolutionGuid = {5CE3EB37-BD75-40EA-B061-0D15CFDBF948}
	EndGlobalSection
EndGlobal
