
Microsoft Visual Studio Solution File, Format Version 12.00
# Visual Studio Version 16
VisualStudioVersion = 16.0.30804.86
MinimumVisualStudioVersion = 10.0.40219.1
Project("{FAE04EC0-301F-11D3-BF4B-00C04F79EFBC}") = "Exerc_Vetor_CalcPrecoMedioProdutos", "Exerc_Vetor_CalcPrecoMedioProdutos\Exerc_Vetor_CalcPrecoMedioProdutos.csproj", "{FA08569B-1F03-44F8-B3F0-6912587C4B16}"
EndProject
Global
	GlobalSection(SolutionConfigurationPlatforms) = preSolution
		Debug|Any CPU = Debug|Any CPU
		Release|Any CPU = Release|Any CPU
	EndGlobalSection
	GlobalSection(ProjectConfigurationPlatforms) = postSolution
		{FA08569B-1F03-44F8-B3F0-6912587C4B16}.Debug|Any CPU.ActiveCfg = Debug|Any CPU
		{FA08569B-1F03-44F8-B3F0-6912587C4B16}.Debug|Any CPU.Build.0 = Debug|Any CPU
		{FA08569B-1F03-44F8-B3F0-6912587C4B16}.Release|Any CPU.ActiveCfg = Release|Any CPU
		{FA08569B-1F03-44F8-B3F0-6912587C4B16}.Release|Any CPU.Build.0 = Release|Any CPU
	EndGlobalSection
	GlobalSection(SolutionProperties) = preSolution
		HideSolutionNode = FALSE
	EndGlobalSection
	GlobalSection(ExtensibilityGlobals) = postSolution
		SolutionGuid = {96306468-CA37-4BCD-8112-B073C1F1FAD3}
	EndGlobalSection
EndGlobal
