
Microsoft Visual Studio Solution File, Format Version 12.00
# Visual Studio Version 16
VisualStudioVersion = 16.0.30804.86
MinimumVisualStudioVersion = 10.0.40219.1
Project("{FAE04EC0-301F-11D3-BF4B-00C04F79EFBC}") = "Listas", "Listas\Listas.csproj", "{1AF0F69E-A3EF-44BB-BFDD-279E837F61AD}"
EndProject
Global
	GlobalSection(SolutionConfigurationPlatforms) = preSolution
		Debug|Any CPU = Debug|Any CPU
		Release|Any CPU = Release|Any CPU
	EndGlobalSection
	GlobalSection(ProjectConfigurationPlatforms) = postSolution
		{1AF0F69E-A3EF-44BB-BFDD-279E837F61AD}.Debug|Any CPU.ActiveCfg = Debug|Any CPU
		{1AF0F69E-A3EF-44BB-BFDD-279E837F61AD}.Debug|Any CPU.Build.0 = Debug|Any CPU
		{1AF0F69E-A3EF-44BB-BFDD-279E837F61AD}.Release|Any CPU.ActiveCfg = Release|Any CPU
		{1AF0F69E-A3EF-44BB-BFDD-279E837F61AD}.Release|Any CPU.Build.0 = Release|Any CPU
	EndGlobalSection
	GlobalSection(SolutionProperties) = preSolution
		HideSolutionNode = FALSE
	EndGlobalSection
	GlobalSection(ExtensibilityGlobals) = postSolution
		SolutionGuid = {42BE7584-CA7B-4C0C-9EDF-15E96F44D024}
	EndGlobalSection
EndGlobal
