
Microsoft Visual Studio Solution File, Format Version 12.00
# Visual Studio Version 16
VisualStudioVersion = 16.0.30804.86
MinimumVisualStudioVersion = 10.0.40219.1
Project("{FAE04EC0-301F-11D3-BF4B-00C04F79EFBC}") = "Exerc_LerDadosInformarPessoaMaisVelha", "Exerc_LerDadosInformarPessoaMaisVelha\Exerc_LerDadosInformarPessoaMaisVelha.csproj", "{094F18E1-4667-489D-B4DF-D3B5328905E6}"
EndProject
Global
	GlobalSection(SolutionConfigurationPlatforms) = preSolution
		Debug|Any CPU = Debug|Any CPU
		Release|Any CPU = Release|Any CPU
	EndGlobalSection
	GlobalSection(ProjectConfigurationPlatforms) = postSolution
		{094F18E1-4667-489D-B4DF-D3B5328905E6}.Debug|Any CPU.ActiveCfg = Debug|Any CPU
		{094F18E1-4667-489D-B4DF-D3B5328905E6}.Debug|Any CPU.Build.0 = Debug|Any CPU
		{094F18E1-4667-489D-B4DF-D3B5328905E6}.Release|Any CPU.ActiveCfg = Release|Any CPU
		{094F18E1-4667-489D-B4DF-D3B5328905E6}.Release|Any CPU.Build.0 = Release|Any CPU
	EndGlobalSection
	GlobalSection(SolutionProperties) = preSolution
		HideSolutionNode = FALSE
	EndGlobalSection
	GlobalSection(ExtensibilityGlobals) = postSolution
		SolutionGuid = {628676E7-E791-43C3-BC8A-003A4CE81F43}
	EndGlobalSection
EndGlobal
