
Microsoft Visual Studio Solution File, Format Version 12.00
# Visual Studio Version 16
VisualStudioVersion = 16.0.30804.86
MinimumVisualStudioVersion = 10.0.40219.1
Project("{FAE04EC0-301F-11D3-BF4B-00C04F79EFBC}") = "Exerc_Estoque", "Exerc_Estoque\Exerc_Estoque.csproj", "{BBA6C421-FA39-419B-B801-29D8FEBA6335}"
EndProject
Global
	GlobalSection(SolutionConfigurationPlatforms) = preSolution
		Debug|Any CPU = Debug|Any CPU
		Release|Any CPU = Release|Any CPU
	EndGlobalSection
	GlobalSection(ProjectConfigurationPlatforms) = postSolution
		{BBA6C421-FA39-419B-B801-29D8FEBA6335}.Debug|Any CPU.ActiveCfg = Debug|Any CPU
		{BBA6C421-FA39-419B-B801-29D8FEBA6335}.Debug|Any CPU.Build.0 = Debug|Any CPU
		{BBA6C421-FA39-419B-B801-29D8FEBA6335}.Release|Any CPU.ActiveCfg = Release|Any CPU
		{BBA6C421-FA39-419B-B801-29D8FEBA6335}.Release|Any CPU.Build.0 = Release|Any CPU
	EndGlobalSection
	GlobalSection(SolutionProperties) = preSolution
		HideSolutionNode = FALSE
	EndGlobalSection
	GlobalSection(ExtensibilityGlobals) = postSolution
		SolutionGuid = {35D3DD90-64BA-48B5-B912-F9C5534A01D3}
	EndGlobalSection
EndGlobal
